{
  "name": "000",
  "version": "1.0.0",
  "lockfileVersion": 3,
  "requires": true,
  "packages": {
    "": {
      "name": "000",
      "version": "1.0.0",
      "license": "MIT",
      "dependencies": {
        "lodash": "^4.17.21",
        "underscore": "^1.13.7"
      },
      "devDependencies": {
        "@types/lodash": "^4.17.17",
        "@types/underscore": "^1.13.0"
      }
    },
    "node_modules/@types/lodash": {
      "version": "4.17.17",
      "resolved": "https://registry.npmjs.org/@types/lodash/-/lodash-4.17.17.tgz",
      "integrity": "sha512-RRVJ+J3J+WmyOTqnz3PiBLA501eKwXl2noseKOrNo/6+XEHjTAxO4xHvxQB6QuNm+s4WRbn6rSiap8+EA+ykFQ==",
      "dev": true,
      "license": "MIT"
    },
    "node_modules/@types/underscore": {
      "version": "1.13.0",
      "resolved": "https://registry.npmjs.org/@types/underscore/-/underscore-1.13.0.tgz",
      "integrity": "sha512-L6LBgy1f0EFQZ+7uSA57+n2g/s4Qs5r06Vwrwn0/nuK1de+adz00NWaztRQ30aEqw5qOaWbPI8u2cGQ52lj6VA==",
      "dev": true,
      "license": "MIT"
    },
    "node_modules/lodash": {
      "version": "4.17.21",
      "resolved": "https://registry.npmjs.org/lodash/-/lodash-4.17.21.tgz",
      "integrity": "sha512-v2kDEe57lecTulaDIuNTPy3Ry4gLGJ6Z1O3vE1krgXZNrsQ+LFTGHVxVjcXPs17LhbZVGedAJv8XZ1tvj5FvSg==",
      "license": "MIT"
    },
    "node_modules/underscore": {
      "version": "1.13.7",
      "resolved": "https://registry.npmjs.org/underscore/-/underscore-1.13.7.tgz",
      "integrity": "sha512-GMXzWtsc57XAtguZgaQViUOzs0KTkk8ojr3/xAxXLITqf/3EMwxC0inyETfDFjH/Krbhuep0HNbbjI9i/q3F3g==",
      "license": "MIT"
    }
  }
}
